// !$*UTF8*$!
{
	archiveVersion = 1;
	classes = {
	};
	objectVersion = 50;
	objects = {

/* Begin PBXBuildFile section */
		723C96112267664E00B04343 /* AppDelegate.swift in Sources */ = {isa = PBXBuildFile; fileRef = 723C96102267664E00B04343 /* AppDelegate.swift */; };
		723C96132267664E00B04343 /* ViewController.swift in Sources */ = {isa = PBXBuildFile; fileRef = 723C96122267664E00B04343 /* ViewController.swift */; };
		723C96162267664E00B04343 /* Main.storyboard in Resources */ = {isa = PBXBuildFile; fileRef = 723C96142267664E00B04343 /* Main.storyboard */; };
		723C96192267664E00B04343 /* My_Tasks_App.xcdatamodeld in Sources */ = {isa = PBXBuildFile; fileRef = 723C96172267664E00B04343 /* My_Tasks_App.xcdatamodeld */; };
		723C961B2267665100B04343 /* Assets.xcassets in Resources */ = {isa = PBXBuildFile; fileRef = 723C961A2267665100B04343 /* Assets.xcassets */; };
		723C961E2267665100B04343 /* LaunchScreen.storyboard in Resources */ = {isa = PBXBuildFile; fileRef = 723C961C2267665100B04343 /* LaunchScreen.storyboard */; };
/* End PBXBuildFile section */

/* Begin PBXFileReference section */
		723C960D2267664E00B04343 /* My Tasks App.app */ = {isa = PBXFileReference; explicitFileType = wrapper.application; includeInIndex = 0; path = "My Tasks App.app"; sourceTree = BUILT_PRODUCTS_DIR; };
		723C96102267664E00B04343 /* AppDelegate.swift */ = {isa = PBXFileReference; lastKnownFileType = sourcecode.swift; path = AppDelegate.swift; sourceTree = "<group>"; };
		723C96122267664E00B04343 /* ViewController.swift */ = {isa = PBXFileReference; lastKnownFileType = sourcecode.swift; path = ViewController.swift; sourceTree = "<group>"; };
		723C96152267664E00B04343 /* Base */ = {isa = PBXFileReference; lastKnownFileType = file.storyboard; name = Base; path = Base.lproj/Main.storyboard; sourceTree = "<group>"; };
		723C96182267664E00B04343 /* My_Tasks_App.xcdatamodel */ = {isa = PBXFileReference; lastKnownFileType = wrapper.xcdatamodel; path = My_Tasks_App.xcdatamodel; sourceTree = "<group>"; };
		723C961A2267665100B04343 /* Assets.xcassets */ = {isa = PBXFileReference; lastKnownFileType = folder.assetcatalog; path = Assets.xcassets; sourceTree = "<group>"; };
		723C961D2267665100B04343 /* Base */ = {isa = PBXFileReference; lastKnownFileType = file.storyboard; name = Base; path = Base.lproj/LaunchScreen.storyboard; sourceTree = "<group>"; };
		723C961F2267665100B04343 /* Info.plist */ = {isa = PBXFileReference; lastKnownFileType = text.plist.xml; path = Info.plist; sourceTree = "<group>"; };
/* End PBXFileReference section */

/* Begin PBXFrameworksBuildPhase section */
		723C960A2267664E00B04343 /* Frameworks */ = {
			isa = PBXFrameworksBuildPhase;
			buildActionMask = 2147483647;
			files = (
			);
			runOnlyForDeploymentPostprocessing = 0;
		};
/* End PBXFrameworksBuildPhase section */

/* Begin PBXGroup section */
		723C96042267664E00B04343 = {
			isa = PBXGroup;
			children = (
				723C960F2267664E00B04343 /* My Tasks App */,
				723C960E2267664E00B04343 /* Products */,
			);
			sourceTree = "<group>";
		};
		723C960E2267664E00B04343 /* Products */ = {
			isa = PBXGroup;
			children = (
				723C960D2267664E00B04343 /* My Tasks App.app */,
			);
			name = Products;
			sourceTree = "<group>";
		};
		723C960F2267664E00B04343 /* My Tasks App */ = {
			isa = PBXGroup;
			children = (
				723C96102267664E00B04343 /* AppDelegate.swift */,
				723C96122267664E00B04343 /* ViewController.swift */,
				723C96142267664E00B04343 /* Main.storyboard */,
				723C961A2267665100B04343 /* Assets.xcassets */,
				723C961C2267665100B04343 /* LaunchScreen.storyboard */,
				723C961F2267665100B04343 /* Info.plist */,
				723C96172267664E00B04343 /* My_Tasks_App.xcdatamodeld */,
			);
			path = "My Tasks App";
			sourceTree = "<group>";
		};
/* End PBXGroup section */

/* Begin PBXNativeTarget section */
		723C960C2267664E00B04343 /* My Tasks App */ = {
			isa = PBXNativeTarget;
			buildConfigurationList = 723C96222267665100B04343 /* Build configuration list for PBXNativeTarget "My Tasks App" */;
			buildPhases = (
				723C96092267664E00B04343 /* Sources */,
				723C960A2267664E00B04343 /* Frameworks */,
				723C960B2267664E00B04343 /* Resources */,
			);
			buildRules = (
			);
			dependencies = (
			);
			name = "My Tasks App";
			productName = "My Tasks App";
			productReference = 723C960D2267664E00B04343 /* My Tasks App.app */;
			productType = "com.apple.product-type.application";
		};
/* End PBXNativeTarget section */

/* Begin PBXProject section */
		723C96052267664E00B04343 /* Project object */ = {
			isa = PBXProject;
			attributes = {
				LastSwiftUpdateCheck = 1000;
				LastUpgradeCheck = 1000;
				ORGANIZATIONNAME = AsMaa;
				TargetAttributes = {
					723C960C2267664E00B04343 = {
						CreatedOnToolsVersion = 10.0;
					};
				};
			};
			buildConfigurationList = 723C96082267664E00B04343 /* Build configuration list for PBXProject "My Tasks App" */;
			compatibilityVersion = "Xcode 9.3";
			developmentRegion = en;
			hasScannedForEncodings = 0;
			knownRegions = (
				en,
				Base,
			);
			mainGroup = 723C96042267664E00B04343;
			productRefGroup = 723C960E2267664E00B04343 /* Products */;
			projectDirPath = "";
			projectRoot = "";
			targets = (
				723C960C2267664E00B04343 /* My Tasks App */,
			);
		};
/* End PBXProject section */

/* Begin PBXResourcesBuildPhase section */
		723C960B2267664E00B04343 /* Resources */ = {
			isa = PBXResourcesBuildPhase;
			buildActionMask = 2147483647;
			files = (
				723C961E2267665100B04343 /* LaunchScreen.storyboard in Resources */,
				723C961B2267665100B04343 /* Assets.xcassets in Resources */,
				723C96162267664E00B04343 /* Main.storyboard in Resources */,
			);
			runOnlyForDeploymentPostprocessing = 0;
		};
/* End PBXResourcesBuildPhase section */

/* Begin PBXSourcesBuildPhase section */
		723C96092267664E00B04343 /* Sources */ = {
			isa = PBXSourcesBuildPhase;
			buildActionMask = 2147483647;
			files = (
				723C96132267664E00B04343 /* ViewController.swift in Sources */,
				723C96112267664E00B04343 /* AppDelegate.swift in Sources */,
				723C96192267664E00B04343 /* My_Tasks_App.xcdatamodeld in Sources */,
			);
			runOnlyForDeploymentPostprocessing = 0;
		};
/* End PBXSourcesBuildPhase section */

/* Begin PBXVariantGroup section */
		723C96142267664E00B04343 /* Main.storyboard */ = {
			isa = PBXVariantGroup;
			children = (
				723C96152267664E00B04343 /* Base */,
			);
			name = Main.storyboard;
			sourceTree = "<group>";
		};
		723C961C2267665100B04343 /* LaunchScreen.storyboard */ = {
			isa = PBXVariantGroup;
			children = (
				723C961D2267665100B04343 /* Base */,
			);
			name = LaunchScreen.storyboard;
			sourceTree = "<group>";
		};
/* End PBXVariantGroup section */

/* Begin XCBuildConfiguration section */
		723C96202267665100B04343 /* Debug */ = {
			isa = XCBuildConfiguration;
			buildSettings = {
				ALWAYS_SEARCH_USER_PATHS = NO;
				CLANG_ANALYZER_NONNULL = YES;
				CLANG_ANALYZER_NUMBER_OBJECT_CONVERSION = YES_AGGRESSIVE;
				CLANG_CXX_LANGUAGE_STANDARD = "gnu++14";
				CLANG_CXX_LIBRARY = "libc++";
				CLANG_ENABLE_MODULES = YES;
				CLANG_ENABLE_OBJC_ARC = YES;
				CLANG_ENABLE_OBJC_WEAK = YES;
				CLANG_WARN_BLOCK_CAPTURE_AUTORELEASING = YES;
				CLANG_WARN_BOOL_CONVERSION = YES;
				CLANG_WARN_COMMA = YES;
				CLANG_WARN_CONSTANT_CONVERSION = YES;
				CLANG_WARN_DEPRECATED_OBJC_IMPLEMENTATIONS = YES;
				CLANG_WARN_DIRECT_OBJC_ISA_USAGE = YES_ERROR;
				CLANG_WARN_DOCUMENTATION_COMMENTS = YES;
				CLANG_WARN_EMPTY_BODY = YES;
				CLANG_WARN_ENUM_CONVERSION = YES;
				CLANG_WARN_INFINITE_RECURSION = YES;
				CLANG_WARN_INT_CONVERSION = YES;
				CLANG_WARN_NON_LITERAL_NULL_CONVERSION = YES;
				CLANG_WARN_OBJC_IMPLICIT_RETAIN_SELF = YES;
				CLANG_WARN_OBJC_LITERAL_CONVERSION = YES;
				CLANG_WARN_OBJC_ROOT_CLASS = YES_ERROR;
				CLANG_WARN_RANGE_LOOP_ANALYSIS = YES;
				CLANG_WARN_STRICT_PROTOTYPES = YES;
				CLANG_WARN_SUSPICIOUS_MOVE = YES;
				CLANG_WARN_UNGUARDED_AVAILABILITY = YES_AGGRESSIVE;
				CLANG_WARN_UNREACHABLE_CODE = YES;
				CLANG_WARN__DUPLICATE_METHOD_MATCH = YES;
				CODE_SIGN_IDENTITY = "iPhone Developer";
				COPY_PHASE_STRIP = NO;
				DEBUG_INFORMATION_FORMAT = dwarf;
				ENABLE_STRICT_OBJC_MSGSEND = YES;
				ENABLE_TESTABILITY = YES;
				GCC_C_LANGUAGE_STANDARD = gnu11;
				GCC_DYNAMIC_NO_PIC = NO;
				GCC_NO_COMMON_BLOCKS = YES;
				GCC_OPTIMIZATION_LEVEL = 0;
				GCC_PREPROCESSOR_DEFINITIONS = (
					"DEBUG=1",
					"$(inherited)",
				);
				GCC_WARN_64_TO_32_BIT_CONVERSION = YES;
				GCC_WARN_ABOUT_RETURN_TYPE = YES_ERROR;
				GCC_WARN_UNDECLARED_SELECTOR = YES;
				GCC_WARN_UNINITIALIZED_AUTOS = YES_AGGRESSIVE;
				GCC_WARN_UNUSED_FUNCTION = YES;
				GCC_WARN_UNUSED_VARIABLE = YES;
				IPHONEOS_DEPLOYMENT_TARGET = 12.0;
				MTL_ENABLE_DEBUG_INFO = INCLUDE_SOURCE;
				MTL_FAST_MATH = YES;
				ONLY_ACTIVE_ARCH = YES;
				SDKROOT = iphoneos;
				SWIFT_ACTIVE_COMPILATION_CONDITIONS = DEBUG;
				SWIFT_OPTIMIZATION_LEVEL = "-Onone";
			};
			name = Debug;
		};
		723C96212267665100B04343 /* Release */ = {
			isa = XCBuildConfiguration;
			buildSettings = {
				ALWAYS_SEARCH_USER_PATHS = NO;
				CLANG_ANALYZER_NONNULL = YES;
				CLANG_ANALYZER_NUMBER_OBJECT_CONVERSION = YES_AGGRESSIVE;
				CLANG_CXX_LANGUAGE_STANDARD = "gnu++14";
				CLANG_CXX_LIBRARY = "libc++";
				CLANG_ENABLE_MODULES = YES;
				CLANG_ENABLE_OBJC_ARC = YES;
				CLANG_ENABLE_OBJC_WEAK = YES;
				CLANG_WARN_BLOCK_CAPTURE_AUTORELEASING = YES;
				CLANG_WARN_BOOL_CONVERSION = YES;
				CLANG_WARN_COMMA = YES;
				CLANG_WARN_CONSTANT_CONVERSION = YES;
				CLANG_WARN_DEPRECATED_OBJC_IMPLEMENTATIONS = YES;
				CLANG_WARN_DIRECT_OBJC_ISA_USAGE = YES_ERROR;
				CLANG_WARN_DOCUMENTATION_COMMENTS = YES;
				CLANG_WARN_EMPTY_BODY = YES;
				CLANG_WARN_ENUM_CONVERSION = YES;
				CLANG_WARN_INFINITE_RECURSION = YES;
				CLANG_WARN_INT_CONVERSION = YES;
				CLANG_WARN_NON_LITERAL_NULL_CONVERSION = YES;
				CLANG_WARN_OBJC_IMPLICIT_RETAIN_SELF = YES;
				CLANG_WARN_OBJC_LITERAL_CONVERSION = YES;
				CLANG_WARN_OBJC_ROOT_CLASS = YES_ERROR;
				CLANG_WARN_RANGE_LOOP_ANALYSIS = YES;
				CLANG_WARN_STRICT_PROTOTYPES = YES;
				CLANG_WARN_SUSPICIOUS_MOVE = YES;
				CLANG_WARN_UNGUARDED_AVAILABILITY = YES_AGGRESSIVE;
				CLANG_WARN_UNREACHABLE_CODE = YES;
				CLANG_WARN__DUPLICATE_METHOD_MATCH = YES;
				CODE_SIGN_IDENTITY = "iPhone Developer";
				COPY_PHASE_STRIP = NO;
				DEBUG_INFORMATION_FORMAT = "dwarf-with-dsym";
				ENABLE_NS_ASSERTIONS = NO;
				ENABLE_STRICT_OBJC_MSGSEND = YES;
				GCC_C_LANGUAGE_STANDARD = gnu11;
				GCC_NO_COMMON_BLOCKS = YES;
				GCC_WARN_64_TO_32_BIT_CONVERSION = YES;
				GCC_WARN_ABOUT_RETURN_TYPE = YES_ERROR;
				GCC_WARN_UNDECLARED_SELECTOR = YES;
				GCC_WARN_UNINITIALIZED_AUTOS = YES_AGGRESSIVE;
				GCC_WARN_UNUSED_FUNCTION = YES;
				GCC_WARN_UNUSED_VARIABLE = YES;
				IPHONEOS_DEPLOYMENT_TARGET = 12.0;
				MTL_ENABLE_DEBUG_INFO = NO;
				MTL_FAST_MATH = YES;
				SDKROOT = iphoneos;
				SWIFT_COMPILATION_MODE = wholemodule;
				SWIFT_OPTIMIZATION_LEVEL = "-O";
				VALIDATE_PRODUCT = YES;
			};
			name = Release;
		};
		723C96232267665100B04343 /* Debug */ = {
			isa = XCBuildConfiguration;
			buildSettings = {
				ASSETCATALOG_COMPILER_APPICON_NAME = AppIcon;
				CODE_SIGN_STYLE = Automatic;
				DEVELOPMENT_TEAM = QVCZFS2TP2;
				INFOPLIST_FILE = "My Tasks App/Info.plist";
				LD_RUNPATH_SEARCH_PATHS = (
					"$(inherited)",
					"@executable_path/Frameworks",
				);
				PRODUCT_BUNDLE_IDENTIFIER = "a.My-Tasks-App";
				PRODUCT_NAME = "$(TARGET_NAME)";
				SWIFT_VERSION = 4.2;
				TARGETED_DEVICE_FAMILY = "1,2";
			};
			name = Debug;
		};
		723C96242267665100B04343 /* Release */ = {
			isa = XCBuildConfiguration;
			buildSettings = {
				ASSETCATALOG_COMPILER_APPICON_NAME = AppIcon;
				CODE_SIGN_STYLE = Automatic;
				DEVELOPMENT_TEAM = QVCZFS2TP2;
				INFOPLIST_FILE = "My Tasks App/Info.plist";
				LD_RUNPATH_SEARCH_PATHS = (
					"$(inherited)",
					"@executable_path/Frameworks",
				);
				PRODUCT_BUNDLE_IDENTIFIER = "a.My-Tasks-App";
				PRODUCT_NAME = "$(TARGET_NAME)";
				SWIFT_VERSION = 4.2;
				TARGETED_DEVICE_FAMILY = "1,2";
			};
			name = Release;
		};
/* End XCBuildConfiguration section */

/* Begin XCConfigurationList section */
		723C96082267664E00B04343 /* Build configuration list for PBXProject "My Tasks App" */ = {
			isa = XCConfigurationList;
			buildConfigurations = (
				723C96202267665100B04343 /* Debug */,
				723C96212267665100B04343 /* Release */,
			);
			defaultConfigurationIsVisible = 0;
			defaultConfigurationName = Release;
		};
		723C96222267665100B04343 /* Build configuration list for PBXNativeTarget "My Tasks App" */ = {
			isa = XCConfigurationList;
			buildConfigurations = (
				723C96232267665100B04343 /* Debug */,
				723C96242267665100B04343 /* Release */,
			);
			defaultConfigurationIsVisible = 0;
			defaultConfigurationName = Release;
		};
/* End XCConfigurationList section */

/* Begin XCVersionGroup section */
		723C96172267664E00B04343 /* My_Tasks_App.xcdatamodeld */ = {
			isa = XCVersionGroup;
			children = (
				723C96182267664E00B04343 /* My_Tasks_App.xcdatamodel */,
			);
			currentVersion = 723C96182267664E00B04343 /* My_Tasks_App.xcdatamodel */;
			path = My_Tasks_App.xcdatamodeld;
			sourceTree = "<group>";
			versionGroupType = wrapper.xcdatamodel;
		};
/* End XCVersionGroup section */
	};
	rootObject = 723C96052267664E00B04343 /* Project object */;
}
